
Microsoft Visual Studio Solution File, Format Version 12.00
# Visual Studio Version 17
VisualStudioVersion = 17.9.34902.65
MinimumVisualStudioVersion = 10.0.40219.1
Project("{FAE04EC0-301F-11D3-BF4B-00C04F79EFBC}") = "AracTakipSistemi", "AracTakipSistemi\AracTakipSistemi.csproj", "{51268982-8632-4224-957B-77246D437789}"
EndProject
Global
	GlobalSection(SolutionConfigurationPlatforms) = preSolution
		Debug|Any CPU = Debug|Any CPU
		Release|Any CPU = Release|Any CPU
	EndGlobalSection
	GlobalSection(ProjectConfigurationPlatforms) = postSolution
		{51268982-8632-4224-957B-77246D437789}.Debug|Any CPU.ActiveCfg = Debug|Any CPU
		{51268982-8632-4224-957B-77246D437789}.Debug|Any CPU.Build.0 = Debug|Any CPU
		{51268982-8632-4224-957B-77246D437789}.Release|Any CPU.ActiveCfg = Release|Any CPU
		{51268982-8632-4224-957B-77246D437789}.Release|Any CPU.Build.0 = Release|Any CPU
	EndGlobalSection
	GlobalSection(SolutionProperties) = preSolution
		HideSolutionNode = FALSE
	EndGlobalSection
	GlobalSection(ExtensibilityGlobals) = postSolution
		SolutionGuid = {0F15866C-2439-47B1-A41C-441A8B380531}
	EndGlobalSection
EndGlobal
